
Microsoft Visual Studio Solution File, Format Version 12.00
# Visual Studio Version 16
VisualStudioVersion = 16.0.29519.87
MinimumVisualStudioVersion = 10.0.40219.1
Project("{FAE04EC0-301F-11D3-BF4B-00C04F79EFBC}") = "PrinterApp", "PrinterApp\PrinterApp.csproj", "{A3102ACD-AC60-48B8-8E72-A0088A9883BB}"
EndProject
Global
	GlobalSection(SolutionConfigurationPlatforms) = preSolution
		Debug|Any CPU = Debug|Any CPU
		Release|Any CPU = Release|Any CPU
	EndGlobalSection
	GlobalSection(ProjectConfigurationPlatforms) = postSolution
		{A3102ACD-AC60-48B8-8E72-A0088A9883BB}.Debug|Any CPU.ActiveCfg = Debug|Any CPU
		{A3102ACD-AC60-48B8-8E72-A0088A9883BB}.Debug|Any CPU.Build.0 = Debug|Any CPU
		{A3102ACD-AC60-48B8-8E72-A0088A9883BB}.Release|Any CPU.ActiveCfg = Release|Any CPU
		{A3102ACD-AC60-48B8-8E72-A0088A9883BB}.Release|Any CPU.Build.0 = Release|Any CPU
	EndGlobalSection
	GlobalSection(SolutionProperties) = preSolution
		HideSolutionNode = FALSE
	EndGlobalSection
	GlobalSection(ExtensibilityGlobals) = postSolution
		SolutionGuid = {A463B8F9-0792-40B3-BF6C-E1ABD2DD79A6}
	EndGlobalSection
EndGlobal
